// !$*UTF8*$!
{
	archiveVersion = 1;
	classes = {
	};
	objectVersion = 77;
	objects = {

/* Begin PBXBuildFile section */
		12712BE42F95475800D2CBB5 /* KakaoMapsSDK-SPM in Frameworks */ = {isa = PBXBuildFile; productRef = 12712BE32F95475800D2CBB5 /* KakaoMapsSDK-SPM */; };
/* End PBXBuildFile section */

/* Begin PBXContainerItemProxy section */
		12712AD82F9538B900D2CBB5 /* PBXContainerItemProxy */ = {
			isa = PBXContainerItemProxy;
			containerPortal = 12712AC02F9538B800D2CBB5 /* Project object */;
			proxyType = 1;
			remoteGlobalIDString = 12712AC72F9538B800D2CBB5;
			remoteInfo = festmap;
		};
		12712AE22F9538B900D2CBB5 /* PBXContainerItemProxy */ = {
			isa = PBXContainerItemProxy;
			containerPortal = 12712AC02F9538B800D2CBB5 /* Project object */;
			proxyType = 1;
			remoteGlobalIDString = 12712AC72F9538B800D2CBB5;
			remoteInfo = festmap;
		};
/* End PBXContainerItemProxy section */

/* Begin PBXFileReference section */
		12712AC82F9538B800D2CBB5 /* festmap.app */ = {isa = PBXFileReference; explicitFileType = wrapper.application; includeInIndex = 0; path = festmap.app; sourceTree = BUILT_PRODUCTS_DIR; };
		12712AD72F9538B900D2CBB5 /* festmapTests.xctest */ = {isa = PBXFileReference; explicitFileType = wrapper.cfbundle; includeInIndex = 0; path = festmapTests.xctest; sourceTree = BUILT_PRODUCTS_DIR; };
		12712AE12F9538B900D2CBB5 /* festmapUITests.xctest */ = {isa = PBXFileReference; explicitFileType = wrapper.cfbundle; includeInIndex = 0; path = festmapUITests.xctest; sourceTree = BUILT_PRODUCTS_DIR; };
		AABB0001AABB0001AABB0001 /* Secrets.xcconfig */ = {isa = PBXFileReference; lastKnownFileType = text.xcconfig; path = Secrets.xcconfig; sourceTree = "<group>"; };
/* End PBXFileReference section */

/* Begin PBXFileSystemSynchronizedRootGroup section */
		12712ACA2F9538B800D2CBB5 /* festmap */ = {
			isa = PBXFileSystemSynchronizedRootGroup;
			path = festmap;
			sourceTree = "<group>";
		};
		12712ADA2F9538B900D2CBB5 /* festmapTests */ = {
			isa = PBXFileSystemSynchronizedRootGroup;
			path = festmapTests;
			sourceTree = "<group>";
		};
		12712AE42F9538B900D2CBB5 /* festmapUITests */ = {
			isa = PBXFileSystemSynchronizedRootGroup;
			path = festmapUITests;
			sourceTree = "<group>";
		};
/* End PBXFileSystemSynchronizedRootGroup section */

/* Begin PBXFrameworksBuildPhase section */
		12712AC52F9538B800D2CBB5 /* Frameworks */ = {
			isa = PBXFrameworksBuildPhase;
			buildActionMask = 2147483647;
			files = (
				12712BE42F95475800D2CBB5 /* KakaoMapsSDK-SPM in Frameworks */,
			);
			runOnlyForDeploymentPostprocessing = 0;
		};
		12712AD42F9538B900D2CBB5 /* Frameworks */ = {
			isa = PBXFrameworksBuildPhase;
			buildActionMask = 2147483647;
			files = (
			);
			runOnlyForDeploymentPostprocessing = 0;
		};
		12712ADE2F9538B900D2CBB5 /* Frameworks */ = {
			isa = PBXFrameworksBuildPhase;
			buildActionMask = 2147483647;
			files = (
			);
			runOnlyForDeploymentPostprocessing = 0;
		};
/* End PBXFrameworksBuildPhase section */

/* Begin PBXGroup section */
		12712ABF2F9538B800D2CBB5 = {
			isa = PBXGroup;
			children = (
				12712ACA2F9538B800D2CBB5 /* festmap */,
				12712ADA2F9538B900D2CBB5 /* festmapTests */,
				12712AE42F9538B900D2CBB5 /* festmapUITests */,
				12712AC92F9538B800D2CBB5 /* Products */,
				AABB0001AABB0001AABB0001 /* Secrets.xcconfig */,
			);
			sourceTree = "<group>";
		};
		12712AC92F9538B800D2CBB5 /* Products */ = {
			isa = PBXGroup;
			children = (
				12712AC82F9538B800D2CBB5 /* festmap.app */,
				12712AD72F9538B900D2CBB5 /* festmapTests.xctest */,
				12712AE12F9538B900D2CBB5 /* festmapUITests.xctest */,
			);
			name = Products;
			sourceTree = "<group>";
		};
/* End PBXGroup section */

/* Begin PBXNativeTarget section */
		12712AC72F9538B800D2CBB5 /* festmap */ = {
			isa = PBXNativeTarget;
			buildConfigurationList = 12712AEB2F9538B900D2CBB5 /* Build configuration list for PBXNativeTarget "festmap" */;
			buildPhases = (
				12712AC42F9538B800D2CBB5 /* Sources */,
				12712AC52F9538B800D2CBB5 /* Frameworks */,
				12712AC62F9538B800D2CBB5 /* Resources */,
			);
			buildRules = (
			);
			dependencies = (
			);
			fileSystemSynchronizedGroups = (
				12712ACA2F9538B800D2CBB5 /* festmap */,
			);
			name = festmap;
			packageProductDependencies = (
				12712BE32F95475800D2CBB5 /* KakaoMapsSDK-SPM */,
			);
			productName = festmap;
			productReference = 12712AC82F9538B800D2CBB5 /* festmap.app */;
			productType = "com.apple.product-type.application";
		};
		12712AD62F9538B900D2CBB5 /* festmapTests */ = {
			isa = PBXNativeTarget;
			buildConfigurationList = 12712AEE2F9538B900D2CBB5 /* Build configuration list for PBXNativeTarget "festmapTests" */;
			buildPhases = (
				12712AD32F9538B900D2CBB5 /* Sources */,
				12712AD42F9538B900D2CBB5 /* Frameworks */,
				12712AD52F9538B900D2CBB5 /* Resources */,
			);
			buildRules = (
			);
			dependencies = (
				12712AD92F9538B900D2CBB5 /* PBXTargetDependency */,
			);
			fileSystemSynchronizedGroups = (
				12712ADA2F9538B900D2CBB5 /* festmapTests */,
			);
			name = festmapTests;
			packageProductDependencies = (
			);
			productName = festmapTests;
			productReference = 12712AD72F9538B900D2CBB5 /* festmapTests.xctest */;
			productType = "com.apple.product-type.bundle.unit-test";
		};
		12712AE02F9538B900D2CBB5 /* festmapUITests */ = {
			isa = PBXNativeTarget;
			buildConfigurationList = 12712AF12F9538B900D2CBB5 /* Build configuration list for PBXNativeTarget "festmapUITests" */;
			buildPhases = (
				12712ADD2F9538B900D2CBB5 /* Sources */,
				12712ADE2F9538B900D2CBB5 /* Frameworks */,
				12712ADF2F9538B900D2CBB5 /* Resources */,
			);
			buildRules = (
			);
			dependencies = (
				12712AE32F9538B900D2CBB5 /* PBXTargetDependency */,
			);
			fileSystemSynchronizedGroups = (
				12712AE42F9538B900D2CBB5 /* festmapUITests */,
			);
			name = festmapUITests;
			packageProductDependencies = (
			);
			productName = festmapUITests;
			productReference = 12712AE12F9538B900D2CBB5 /* festmapUITests.xctest */;
			productType = "com.apple.product-type.bundle.ui-testing";
		};
/* End PBXNativeTarget section */

/* Begin PBXProject section */
		12712AC02F9538B800D2CBB5 /* Project object */ = {
			isa = PBXProject;
			attributes = {
				BuildIndependentTargetsInParallel = 1;
				LastSwiftUpdateCheck = 2620;
				LastUpgradeCheck = 2620;
				TargetAttributes = {
					12712AC72F9538B800D2CBB5 = {
						CreatedOnToolsVersion = 26.2;
					};
					12712AD62F9538B900D2CBB5 = {
						CreatedOnToolsVersion = 26.2;
						TestTargetID = 12712AC72F9538B800D2CBB5;
					};
					12712AE02F9538B900D2CBB5 = {
						CreatedOnToolsVersion = 26.2;
						TestTargetID = 12712AC72F9538B800D2CBB5;
					};
				};
			};
			buildConfigurationList = 12712AC32F9538B800D2CBB5 /* Build configuration list for PBXProject "festmap" */;
			developmentRegion = ko;
			hasScannedForEncodings = 0;
			knownRegions = (
				en,
				Base,
				ko,
			);
			mainGroup = 12712ABF2F9538B800D2CBB5;
			minimizedProjectReferenceProxies = 1;
			packageReferences = (
				12712BE22F95475800D2CBB5 /* XCRemoteSwiftPackageReference "KakaoMapsSDK-SPM" */,
			);
			preferredProjectObjectVersion = 77;
			productRefGroup = 12712AC92F9538B800D2CBB5 /* Products */;
			projectDirPath = "";
			projectRoot = "";
			targets = (
				12712AC72F9538B800D2CBB5 /* festmap */,
				12712AD62F9538B900D2CBB5 /* festmapTests */,
				12712AE02F9538B900D2CBB5 /* festmapUITests */,
			);
		};
/* End PBXProject section */

/* Begin PBXResourcesBuildPhase section */
		12712AC62F9538B800D2CBB5 /* Resources */ = {
			isa = PBXResourcesBuildPhase;
			buildActionMask = 2147483647;
			files = (
			);
			runOnlyForDeploymentPostprocessing = 0;
		};
		12712AD52F9538B900D2CBB5 /* Resources */ = {
			isa = PBXResourcesBuildPhase;
			buildActionMask = 2147483647;
			files = (
			);
			runOnlyForDeploymentPostprocessing = 0;
		};
		12712ADF2F9538B900D2CBB5 /* Resources */ = {
			isa = PBXResourcesBuildPhase;
			buildActionMask = 2147483647;
			files = (
			);
			runOnlyForDeploymentPostprocessing = 0;
		};
/* End PBXResourcesBuildPhase section */

/* Begin PBXSourcesBuildPhase section */
		12712AC42F9538B800D2CBB5 /* Sources */ = {
			isa = PBXSourcesBuildPhase;
			buildActionMask = 2147483647;
			files = (
			);
			runOnlyForDeploymentPostprocessing = 0;
		};
		12712AD32F9538B900D2CBB5 /* Sources */ = {
			isa = PBXSourcesBuildPhase;
			buildActionMask = 2147483647;
			files = (
			);
			runOnlyForDeploymentPostprocessing = 0;
		};
		12712ADD2F9538B900D2CBB5 /* Sources */ = {
			isa = PBXSourcesBuildPhase;
			buildActionMask = 2147483647;
			files = (
			);
			runOnlyForDeploymentPostprocessing = 0;
		};
/* End PBXSourcesBuildPhase section */

/* Begin PBXTargetDependency section */
		12712AD92F9538B900D2CBB5 /* PBXTargetDependency */ = {
			isa = PBXTargetDependency;
			target = 12712AC72F9538B800D2CBB5 /* festmap */;
			targetProxy = 12712AD82F9538B900D2CBB5 /* PBXContainerItemProxy */;
		};
		12712AE32F9538B900D2CBB5 /* PBXTargetDependency */ = {
			isa = PBXTargetDependency;
			target = 12712AC72F9538B800D2CBB5 /* festmap */;
			targetProxy = 12712AE22F9538B900D2CBB5 /* PBXContainerItemProxy */;
		};
/* End PBXTargetDependency section */

/* Begin XCBuildConfiguration section */
		12712AE92F9538B900D2CBB5 /* Debug */ = {
			isa = XCBuildConfiguration;
			buildSettings = {
				ALWAYS_SEARCH_USER_PATHS = NO;
				ASSETCATALOG_COMPILER_GENERATE_SWIFT_ASSET_SYMBOL_EXTENSIONS = YES;
				CLANG_ANALYZER_NONNULL = YES;
				CLANG_ANALYZER_NUMBER_OBJECT_CONVERSION = YES_AGGRESSIVE;
				CLANG_CXX_LANGUAGE_STANDARD = "gnu++20";
				CLANG_ENABLE_MODULES = YES;
				CLANG_ENABLE_OBJC_ARC = YES;
				CLANG_ENABLE_OBJC_WEAK = YES;
				CLANG_WARN_BLOCK_CAPTURE_AUTORELEASING = YES;
				CLANG_WARN_BOOL_CONVERSION = YES;
				CLANG_WARN_COMMA = YES;
				CLANG_WARN_CONSTANT_CONVERSION = YES;
				CLANG_WARN_DEPRECATED_OBJC_IMPLEMENTATIONS = YES;
				CLANG_WARN_DIRECT_OBJC_ISA_USAGE = YES_ERROR;
				CLANG_WARN_DOCUMENTATION_COMMENTS = YES;
				CLANG_WARN_EMPTY_BODY = YES;
				CLANG_WARN_ENUM_CONVERSION = YES;
				CLANG_WARN_INFINITE_RECURSION = YES;
				CLANG_WARN_INT_CONVERSION = YES;
				CLANG_WARN_NON_LITERAL_NULL_CONVERSION = YES;
				CLANG_WARN_OBJC_IMPLICIT_RETAIN_SELF = YES;
				CLANG_WARN_OBJC_LITERAL_CONVERSION = YES;
				CLANG_WARN_OBJC_ROOT_CLASS = YES_ERROR;
				CLANG_WARN_QUOTED_INCLUDE_IN_FRAMEWORK_HEADER = YES;
				CLANG_WARN_RANGE_LOOP_ANALYSIS = YES;
				CLANG_WARN_STRICT_PROTOTYPES = YES;
				CLANG_WARN_SUSPICIOUS_MOVE = YES;
				CLANG_WARN_UNGUARDED_AVAILABILITY = YES_AGGRESSIVE;
				CLANG_WARN_UNREACHABLE_CODE = YES;
				CLANG_WARN__DUPLICATE_METHOD_MATCH = YES;
				COPY_PHASE_STRIP = NO;
				DEBUG_INFORMATION_FORMAT = dwarf;
				DEVELOPMENT_TEAM = GQ89YG5G9R;
				ENABLE_STRICT_OBJC_MSGSEND = YES;
				ENABLE_TESTABILITY = YES;
				ENABLE_USER_SCRIPT_SANDBOXING = YES;
				GCC_C_LANGUAGE_STANDARD = gnu17;
				GCC_DYNAMIC_NO_PIC = NO;
				GCC_NO_COMMON_BLOCKS = YES;
				GCC_OPTIMIZATION_LEVEL = 0;
				GCC_PREPROCESSOR_DEFINITIONS = (
					"DEBUG=1",
					"$(inherited)",
				);
				GCC_WARN_64_TO_32_BIT_CONVERSION = YES;
				GCC_WARN_ABOUT_RETURN_TYPE = YES_ERROR;
				GCC_WARN_UNDECLARED_SELECTOR = YES;
				GCC_WARN_UNINITIALIZED_AUTOS = YES_AGGRESSIVE;
				GCC_WARN_UNUSED_FUNCTION = YES;
				GCC_WARN_UNUSED_VARIABLE = YES;
				IPHONEOS_DEPLOYMENT_TARGET = 26.2;
				LOCALIZATION_PREFERS_STRING_CATALOGS = YES;
				MTL_ENABLE_DEBUG_INFO = INCLUDE_SOURCE;
				MTL_FAST_MATH = YES;
				ONLY_ACTIVE_ARCH = YES;
				SDKROOT = iphoneos;
				SWIFT_ACTIVE_COMPILATION_CONDITIONS = "DEBUG $(inherited)";
				SWIFT_OPTIMIZATION_LEVEL = "-Onone";
			};
			name = Debug;
		};
		12712AEA2F9538B900D2CBB5 /* Release */ = {
			isa = XCBuildConfiguration;
			buildSettings = {
				ALWAYS_SEARCH_USER_PATHS = NO;
				ASSETCATALOG_COMPILER_GENERATE_SWIFT_ASSET_SYMBOL_EXTENSIONS = YES;
				CLANG_ANALYZER_NONNULL = YES;
				CLANG_ANALYZER_NUMBER_OBJECT_CONVERSION = YES_AGGRESSIVE;
				CLANG_CXX_LANGUAGE_STANDARD = "gnu++20";
				CLANG_ENABLE_MODULES = YES;
				CLANG_ENABLE_OBJC_ARC = YES;
				CLANG_ENABLE_OBJC_WEAK = YES;
				CLANG_WARN_BLOCK_CAPTURE_AUTORELEASING = YES;
				CLANG_WARN_BOOL_CONVERSION = YES;
				CLANG_WARN_COMMA = YES;
				CLANG_WARN_CONSTANT_CONVERSION = YES;
				CLANG_WARN_DEPRECATED_OBJC_IMPLEMENTATIONS = YES;
				CLANG_WARN_DIRECT_OBJC_ISA_USAGE = YES_ERROR;
				CLANG_WARN_DOCUMENTATION_COMMENTS = YES;
				CLANG_WARN_EMPTY_BODY = YES;
				CLANG_WARN_ENUM_CONVERSION = YES;
				CLANG_WARN_INFINITE_RECURSION = YES;
				CLANG_WARN_INT_CONVERSION = YES;
				CLANG_WARN_NON_LITERAL_NULL_CONVERSION = YES;
				CLANG_WARN_OBJC_IMPLICIT_RETAIN_SELF = YES;
				CLANG_WARN_OBJC_LITERAL_CONVERSION = YES;
				CLANG_WARN_OBJC_ROOT_CLASS = YES_ERROR;
				CLANG_WARN_QUOTED_INCLUDE_IN_FRAMEWORK_HEADER = YES;
				CLANG_WARN_RANGE_LOOP_ANALYSIS = YES;
				CLANG_WARN_STRICT_PROTOTYPES = YES;
				CLANG_WARN_SUSPICIOUS_MOVE = YES;
				CLANG_WARN_UNGUARDED_AVAILABILITY = YES_AGGRESSIVE;
				CLANG_WARN_UNREACHABLE_CODE = YES;
				CLANG_WARN__DUPLICATE_METHOD_MATCH = YES;
				COPY_PHASE_STRIP = NO;
				DEBUG_INFORMATION_FORMAT = "dwarf-with-dsym";
				DEVELOPMENT_TEAM = GQ89YG5G9R;
				ENABLE_NS_ASSERTIONS = NO;
				ENABLE_STRICT_OBJC_MSGSEND = YES;
				ENABLE_USER_SCRIPT_SANDBOXING = YES;
				GCC_C_LANGUAGE_STANDARD = gnu17;
				GCC_NO_COMMON_BLOCKS = YES;
				GCC_WARN_64_TO_32_BIT_CONVERSION = YES;
				GCC_WARN_ABOUT_RETURN_TYPE = YES_ERROR;
				GCC_WARN_UNDECLARED_SELECTOR = YES;
				GCC_WARN_UNINITIALIZED_AUTOS = YES_AGGRESSIVE;
				GCC_WARN_UNUSED_FUNCTION = YES;
				GCC_WARN_UNUSED_VARIABLE = YES;
				IPHONEOS_DEPLOYMENT_TARGET = 26.2;
				LOCALIZATION_PREFERS_STRING_CATALOGS = YES;
				MTL_ENABLE_DEBUG_INFO = NO;
				MTL_FAST_MATH = YES;
				SDKROOT = iphoneos;
				SWIFT_COMPILATION_MODE = wholemodule;
				VALIDATE_PRODUCT = YES;
			};
			name = Release;
		};
		12712AEC2F9538B900D2CBB5 /* Debug */ = {
			isa = XCBuildConfiguration;
			baseConfigurationReference = AABB0001AABB0001AABB0001 /* Secrets.xcconfig */;
			buildSettings = {
				ASSETCATALOG_COMPILER_APPICON_NAME = AppIcon;
				ASSETCATALOG_COMPILER_GLOBAL_ACCENT_COLOR_NAME = AccentColor;
				CODE_SIGN_STYLE = Automatic;
				CURRENT_PROJECT_VERSION = 1;
				DEVELOPMENT_TEAM = GQ89YG5G9R;
				ENABLE_PREVIEWS = YES;
				GENERATE_INFOPLIST_FILE = NO;
				INFOPLIST_FILE = Info.plist;
				INFOPLIST_KEY_UIApplicationSceneManifest_Generation = YES;
				INFOPLIST_KEY_UIApplicationSupportsIndirectInputEvents = YES;
				INFOPLIST_KEY_UILaunchScreen_Generation = YES;
				INFOPLIST_KEY_UISupportedInterfaceOrientations_iPad = "UIInterfaceOrientationPortrait UIInterfaceOrientationPortraitUpsideDown UIInterfaceOrientationLandscapeLeft UIInterfaceOrientationLandscapeRight";
				INFOPLIST_KEY_UISupportedInterfaceOrientations_iPhone = "UIInterfaceOrientationPortrait UIInterfaceOrientationLandscapeLeft UIInterfaceOrientationLandscapeRight";
				LD_RUNPATH_SEARCH_PATHS = (
					"$(inherited)",
					"@executable_path/Frameworks",
				);
				MARKETING_VERSION = 1.0.0;
				PRODUCT_BUNDLE_IDENTIFIER = com.mark77234.festmap;
				PRODUCT_NAME = "$(TARGET_NAME)";
				STRING_CATALOG_GENERATE_SYMBOLS = YES;
				SWIFT_APPROACHABLE_CONCURRENCY = YES;
				SWIFT_DEFAULT_ACTOR_ISOLATION = MainActor;
				SWIFT_EMIT_LOC_STRINGS = YES;
				SWIFT_UPCOMING_FEATURE_MEMBER_IMPORT_VISIBILITY = YES;
				SWIFT_VERSION = 5.0;
				TARGETED_DEVICE_FAMILY = "1,2";
			};
			name = Debug;
		};
		12712AED2F9538B900D2CBB5 /* Release */ = {
			isa = XCBuildConfiguration;
			baseConfigurationReference = AABB0001AABB0001AABB0001 /* Secrets.xcconfig */;
			buildSettings = {
				ASSETCATALOG_COMPILER_APPICON_NAME = AppIcon;
				ASSETCATALOG_COMPILER_GLOBAL_ACCENT_COLOR_NAME = AccentColor;
				CODE_SIGN_STYLE = Automatic;
				CURRENT_PROJECT_VERSION = 1;
				DEVELOPMENT_TEAM = GQ89YG5G9R;
				ENABLE_PREVIEWS = YES;
				GENERATE_INFOPLIST_FILE = NO;
				INFOPLIST_FILE = Info.plist;
				INFOPLIST_KEY_UIApplicationSceneManifest_Generation = YES;
				INFOPLIST_KEY_UIApplicationSupportsIndirectInputEvents = YES;
				INFOPLIST_KEY_UILaunchScreen_Generation = YES;
				INFOPLIST_KEY_UISupportedInterfaceOrientations_iPad = "UIInterfaceOrientationPortrait UIInterfaceOrientationPortraitUpsideDown UIInterfaceOrientationLandscapeLeft UIInterfaceOrientationLandscapeRight";
				INFOPLIST_KEY_UISupportedInterfaceOrientations_iPhone = "UIInterfaceOrientationPortrait UIInterfaceOrientationLandscapeLeft UIInterfaceOrientationLandscapeRight";
				LD_RUNPATH_SEARCH_PATHS = (
					"$(inherited)",
					"@executable_path/Frameworks",
				);
				MARKETING_VERSION = 1.0.0;
				PRODUCT_BUNDLE_IDENTIFIER = com.mark77234.festmap;
				PRODUCT_NAME = "$(TARGET_NAME)";
				STRING_CATALOG_GENERATE_SYMBOLS = YES;
				SWIFT_APPROACHABLE_CONCURRENCY = YES;
				SWIFT_DEFAULT_ACTOR_ISOLATION = MainActor;
				SWIFT_EMIT_LOC_STRINGS = YES;
				SWIFT_UPCOMING_FEATURE_MEMBER_IMPORT_VISIBILITY = YES;
				SWIFT_VERSION = 5.0;
				TARGETED_DEVICE_FAMILY = "1,2";
			};
			name = Release;
		};
		12712AEF2F9538B900D2CBB5 /* Debug */ = {
			isa = XCBuildConfiguration;
			buildSettings = {
				BUNDLE_LOADER = "$(TEST_HOST)";
				CODE_SIGN_STYLE = Automatic;
				CURRENT_PROJECT_VERSION = 1;
				DEVELOPMENT_TEAM = GQ89YG5G9R;
				GENERATE_INFOPLIST_FILE = YES;
				IPHONEOS_DEPLOYMENT_TARGET = 26.2;
				MARKETING_VERSION = 1.0;
				PRODUCT_BUNDLE_IDENTIFIER = com.mark77234.festmapTests;
				PRODUCT_NAME = "$(TARGET_NAME)";
				STRING_CATALOG_GENERATE_SYMBOLS = NO;
				SWIFT_APPROACHABLE_CONCURRENCY = YES;
				SWIFT_EMIT_LOC_STRINGS = NO;
				SWIFT_UPCOMING_FEATURE_MEMBER_IMPORT_VISIBILITY = YES;
				SWIFT_VERSION = 5.0;
				TARGETED_DEVICE_FAMILY = "1,2";
				TEST_HOST = "$(BUILT_PRODUCTS_DIR)/festmap.app/$(BUNDLE_EXECUTABLE_FOLDER_PATH)/festmap";
			};
			name = Debug;
		};
		12712AF02F9538B900D2CBB5 /* Release */ = {
			isa = XCBuildConfiguration;
			buildSettings = {
				BUNDLE_LOADER = "$(TEST_HOST)";
				CODE_SIGN_STYLE = Automatic;
				CURRENT_PROJECT_VERSION = 1;
				DEVELOPMENT_TEAM = GQ89YG5G9R;
				GENERATE_INFOPLIST_FILE = YES;
				IPHONEOS_DEPLOYMENT_TARGET = 26.2;
				MARKETING_VERSION = 1.0;
				PRODUCT_BUNDLE_IDENTIFIER = com.mark77234.festmapTests;
				PRODUCT_NAME = "$(TARGET_NAME)";
				STRING_CATALOG_GENERATE_SYMBOLS = NO;
				SWIFT_APPROACHABLE_CONCURRENCY = YES;
				SWIFT_EMIT_LOC_STRINGS = NO;
				SWIFT_UPCOMING_FEATURE_MEMBER_IMPORT_VISIBILITY = YES;
				SWIFT_VERSION = 5.0;
				TARGETED_DEVICE_FAMILY = "1,2";
				TEST_HOST = "$(BUILT_PRODUCTS_DIR)/festmap.app/$(BUNDLE_EXECUTABLE_FOLDER_PATH)/festmap";
			};
			name = Release;
		};
		12712AF22F9538B900D2CBB5 /* Debug */ = {
			isa = XCBuildConfiguration;
			buildSettings = {
				CODE_SIGN_STYLE = Automatic;
				CURRENT_PROJECT_VERSION = 1;
				DEVELOPMENT_TEAM = GQ89YG5G9R;
				GENERATE_INFOPLIST_FILE = YES;
				MARKETING_VERSION = 1.0;
				PRODUCT_BUNDLE_IDENTIFIER = com.mark77234.festmapUITests;
				PRODUCT_NAME = "$(TARGET_NAME)";
				STRING_CATALOG_GENERATE_SYMBOLS = NO;
				SWIFT_APPROACHABLE_CONCURRENCY = YES;
				SWIFT_EMIT_LOC_STRINGS = NO;
				SWIFT_UPCOMING_FEATURE_MEMBER_IMPORT_VISIBILITY = YES;
				SWIFT_VERSION = 5.0;
				TARGETED_DEVICE_FAMILY = "1,2";
				TEST_TARGET_NAME = festmap;
			};
			name = Debug;
		};
		12712AF32F9538B900D2CBB5 /* Release */ = {
			isa = XCBuildConfiguration;
			buildSettings = {
				CODE_SIGN_STYLE = Automatic;
				CURRENT_PROJECT_VERSION = 1;
				DEVELOPMENT_TEAM = GQ89YG5G9R;
				GENERATE_INFOPLIST_FILE = YES;
				MARKETING_VERSION = 1.0;
				PRODUCT_BUNDLE_IDENTIFIER = com.mark77234.festmapUITests;
				PRODUCT_NAME = "$(TARGET_NAME)";
				STRING_CATALOG_GENERATE_SYMBOLS = NO;
				SWIFT_APPROACHABLE_CONCURRENCY = YES;
				SWIFT_EMIT_LOC_STRINGS = NO;
				SWIFT_UPCOMING_FEATURE_MEMBER_IMPORT_VISIBILITY = YES;
				SWIFT_VERSION = 5.0;
				TARGETED_DEVICE_FAMILY = "1,2";
				TEST_TARGET_NAME = festmap;
			};
			name = Release;
		};
/* End XCBuildConfiguration section */

/* Begin XCConfigurationList section */
		12712AC32F9538B800D2CBB5 /* Build configuration list for PBXProject "festmap" */ = {
			isa = XCConfigurationList;
			buildConfigurations = (
				12712AE92F9538B900D2CBB5 /* Debug */,
				12712AEA2F9538B900D2CBB5 /* Release */,
			);
			defaultConfigurationIsVisible = 0;
			defaultConfigurationName = Release;
		};
		12712AEB2F9538B900D2CBB5 /* Build configuration list for PBXNativeTarget "festmap" */ = {
			isa = XCConfigurationList;
			buildConfigurations = (
				12712AEC2F9538B900D2CBB5 /* Debug */,
				12712AED2F9538B900D2CBB5 /* Release */,
			);
			defaultConfigurationIsVisible = 0;
			defaultConfigurationName = Release;
		};
		12712AEE2F9538B900D2CBB5 /* Build configuration list for PBXNativeTarget "festmapTests" */ = {
			isa = XCConfigurationList;
			buildConfigurations = (
				12712AEF2F9538B900D2CBB5 /* Debug */,
				12712AF02F9538B900D2CBB5 /* Release */,
			);
			defaultConfigurationIsVisible = 0;
			defaultConfigurationName = Release;
		};
		12712AF12F9538B900D2CBB5 /* Build configuration list for PBXNativeTarget "festmapUITests" */ = {
			isa = XCConfigurationList;
			buildConfigurations = (
				12712AF22F9538B900D2CBB5 /* Debug */,
				12712AF32F9538B900D2CBB5 /* Release */,
			);
			defaultConfigurationIsVisible = 0;
			defaultConfigurationName = Release;
		};
/* End XCConfigurationList section */

/* Begin XCRemoteSwiftPackageReference section */
		12712BE22F95475800D2CBB5 /* XCRemoteSwiftPackageReference "KakaoMapsSDK-SPM" */ = {
			isa = XCRemoteSwiftPackageReference;
			repositoryURL = "https://github.com/kakao-mapsSDK/KakaoMapsSDK-SPM";
			requirement = {
				kind = upToNextMajorVersion;
				minimumVersion = 2.12.10;
			};
		};
/* End XCRemoteSwiftPackageReference section */

/* Begin XCSwiftPackageProductDependency section */
		12712BE32F95475800D2CBB5 /* KakaoMapsSDK-SPM */ = {
			isa = XCSwiftPackageProductDependency;
			package = 12712BE22F95475800D2CBB5 /* XCRemoteSwiftPackageReference "KakaoMapsSDK-SPM" */;
			productName = "KakaoMapsSDK-SPM";
		};
/* End XCSwiftPackageProductDependency section */
	};
	rootObject = 12712AC02F9538B800D2CBB5 /* Project object */;
}
